{
    "_meta": {
        "hash": {
            "sha256": "21ede3ccf7fa735858fc55558cee3fd6bceced6059983a61f1e555efb94d72db"
        },
        "pipfile-spec": 6,
        "requires": {
            "python_version": "3.13"
        },
        "sources": [
            {
                "name": "pypi",
                "url": "https://pypi.org/simple",
                "verify_ssl": true
            }
        ]
    },
    "default": {
        "certifi": {
            "hashes": [
                "sha256:3d5da6925056f6f18f119200434a4780a94263f10d1c21d032a6f6b2baa20651",
                "sha256:ca78db4565a652026a4db2bcdf68f2fb589ea80d0be70e03929ed730746b84fe"
            ],
            "index": "pypi",
            "markers": "python_version >= '3.6'",
            "version": "==2025.1.31"
        }
    },
    "develop": {}
}
